// !$*UTF8*$!
{
	archiveVersion = 1;
	classes = {
	};
	objectVersion = 56;
	objects = {

/* Begin PBXBuildFile section */
		9FE571CF2E9405C5008C4574 /* ContentViewModel.swift in Sources */ = {isa = PBXBuildFile; fileRef = 9FE571CE2E9405C5008C4574 /* ContentViewModel.swift */; };
		BE405DE22BB4915F00C3539A /* SubSwayApp.swift in Sources */ = {isa = PBXBuildFile; fileRef = BE405DE12BB4915F00C3539A /* SubSwayApp.swift */; };
		BE405DE42BB4915F00C3539A /* ContentView.swift in Sources */ = {isa = PBXBuildFile; fileRef = BE405DE32BB4915F00C3539A /* ContentView.swift */; };
		BE405DE62BB4915F00C3539A /* Item.swift in Sources */ = {isa = PBXBuildFile; fileRef = BE405DE52BB4915F00C3539A /* Item.swift */; };
		BE405DE82BB4916100C3539A /* Assets.xcassets in Resources */ = {isa = PBXBuildFile; fileRef = BE405DE72BB4916100C3539A /* Assets.xcassets */; };
		BE405DEB2BB4916100C3539A /* Preview Assets.xcassets in Resources */ = {isa = PBXBuildFile; fileRef = BE405DEA2BB4916100C3539A /* Preview Assets.xcassets */; };
		BE405DF52BB4919F00C3539A /* Subscription.swift in Sources */ = {isa = PBXBuildFile; fileRef = BE405DF42BB4919F00C3539A /* Subscription.swift */; };
		BE405DF72BB491AF00C3539A /* Category.swift in Sources */ = {isa = PBXBuildFile; fileRef = BE405DF62BB491AE00C3539A /* Category.swift */; };
		BE405DF92BB49A1F00C3539A /* SubscriptionViewModel.swift in Sources */ = {isa = PBXBuildFile; fileRef = BE405DF82BB49A1F00C3539A /* SubscriptionViewModel.swift */; };
		BE405DFC2BB4A12200C3539A /* SubscriptionValidator.swift in Sources */ = {isa = PBXBuildFile; fileRef = BE405DFB2BB4A12200C3539A /* SubscriptionValidator.swift */; };
		BE5FFF1D2BC40B400051CA29 /* SubscriptionDetailsView.swift in Sources */ = {isa = PBXBuildFile; fileRef = BE5FFF1C2BC40B400051CA29 /* SubscriptionDetailsView.swift */; };
		BE5FFF1F2BC40D2F0051CA29 /* MySubscriptionInformationsView.swift in Sources */ = {isa = PBXBuildFile; fileRef = BE5FFF1E2BC40D2F0051CA29 /* MySubscriptionInformationsView.swift */; };
		BE5FFF212BC41FB30051CA29 /* MySubscriptionsListView.swift in Sources */ = {isa = PBXBuildFile; fileRef = BE5FFF202BC41FB30051CA29 /* MySubscriptionsListView.swift */; };
		BE6110DA2BBD657900478557 /* SubscriptionDetailsFormView.swift in Sources */ = {isa = PBXBuildFile; fileRef = BE6110D92BBD657900478557 /* SubscriptionDetailsFormView.swift */; };
		BE733B282C0A42F500013AB2 /* SubscriptionContainer.xcdatamodeld in Sources */ = {isa = PBXBuildFile; fileRef = BE733B262C0A42F500013AB2 /* SubscriptionContainer.xcdatamodeld */; };
		BE7F25B22BB578B400C297FD /* CategoryViewModel.swift in Sources */ = {isa = PBXBuildFile; fileRef = BE7F25B12BB578B400C297FD /* CategoryViewModel.swift */; };
		BE7F25B42BB89E9F00C297FD /* CategoriesListView.swift in Sources */ = {isa = PBXBuildFile; fileRef = BE7F25B32BB89E9F00C297FD /* CategoriesListView.swift */; };
		BE7F25B62BB8A24100C297FD /* CreateNewSubscriptionView.swift in Sources */ = {isa = PBXBuildFile; fileRef = BE7F25B52BB8A24100C297FD /* CreateNewSubscriptionView.swift */; };
		BEE570762BC53F4100A4E554 /* SubscriptionsDashboardView.swift in Sources */ = {isa = PBXBuildFile; fileRef = BEE570752BC53F4100A4E554 /* SubscriptionsDashboardView.swift */; };
/* End PBXBuildFile section */

/* Begin PBXFileReference section */
		9FE571CE2E9405C5008C4574 /* ContentViewModel.swift */ = {isa = PBXFileReference; lastKnownFileType = sourcecode.swift; path = ContentViewModel.swift; sourceTree = "<group>"; };
		BE405DDE2BB4915F00C3539A /* SubSway.app */ = {isa = PBXFileReference; explicitFileType = wrapper.application; includeInIndex = 0; path = SubSway.app; sourceTree = BUILT_PRODUCTS_DIR; };
		BE405DE12BB4915F00C3539A /* SubSwayApp.swift */ = {isa = PBXFileReference; lastKnownFileType = sourcecode.swift; path = SubSwayApp.swift; sourceTree = "<group>"; };
		BE405DE32BB4915F00C3539A /* ContentView.swift */ = {isa = PBXFileReference; lastKnownFileType = sourcecode.swift; path = ContentView.swift; sourceTree = "<group>"; };
		BE405DE52BB4915F00C3539A /* Item.swift */ = {isa = PBXFileReference; lastKnownFileType = sourcecode.swift; path = Item.swift; sourceTree = "<group>"; };
		BE405DE72BB4916100C3539A /* Assets.xcassets */ = {isa = PBXFileReference; lastKnownFileType = folder.assetcatalog; path = Assets.xcassets; sourceTree = "<group>"; };
		BE405DEA2BB4916100C3539A /* Preview Assets.xcassets */ = {isa = PBXFileReference; lastKnownFileType = folder.assetcatalog; path = "Preview Assets.xcassets"; sourceTree = "<group>"; };
		BE405DF42BB4919F00C3539A /* Subscription.swift */ = {isa = PBXFileReference; lastKnownFileType = sourcecode.swift; path = Subscription.swift; sourceTree = "<group>"; };
		BE405DF62BB491AE00C3539A /* Category.swift */ = {isa = PBXFileReference; lastKnownFileType = sourcecode.swift; path = Category.swift; sourceTree = "<group>"; };
		BE405DF82BB49A1F00C3539A /* SubscriptionViewModel.swift */ = {isa = PBXFileReference; lastKnownFileType = sourcecode.swift; path = SubscriptionViewModel.swift; sourceTree = "<group>"; };
		BE405DFB2BB4A12200C3539A /* SubscriptionValidator.swift */ = {isa = PBXFileReference; lastKnownFileType = sourcecode.swift; path = SubscriptionValidator.swift; sourceTree = "<group>"; };
		BE5FFF1C2BC40B400051CA29 /* SubscriptionDetailsView.swift */ = {isa = PBXFileReference; lastKnownFileType = sourcecode.swift; path = SubscriptionDetailsView.swift; sourceTree = "<group>"; };
		BE5FFF1E2BC40D2F0051CA29 /* MySubscriptionInformationsView.swift */ = {isa = PBXFileReference; lastKnownFileType = sourcecode.swift; path = MySubscriptionInformationsView.swift; sourceTree = "<group>"; };
		BE5FFF202BC41FB30051CA29 /* MySubscriptionsListView.swift */ = {isa = PBXFileReference; lastKnownFileType = sourcecode.swift; path = MySubscriptionsListView.swift; sourceTree = "<group>"; };
		BE6110D92BBD657900478557 /* SubscriptionDetailsFormView.swift */ = {isa = PBXFileReference; lastKnownFileType = sourcecode.swift; path = SubscriptionDetailsFormView.swift; sourceTree = "<group>"; };
		BE733B272C0A42F500013AB2 /* SubscriptionContainer.xcdatamodel */ = {isa = PBXFileReference; lastKnownFileType = wrapper.xcdatamodel; path = SubscriptionContainer.xcdatamodel; sourceTree = "<group>"; };
		BE7F25B12BB578B400C297FD /* CategoryViewModel.swift */ = {isa = PBXFileReference; lastKnownFileType = sourcecode.swift; path = CategoryViewModel.swift; sourceTree = "<group>"; };
		BE7F25B32BB89E9F00C297FD /* CategoriesListView.swift */ = {isa = PBXFileReference; lastKnownFileType = sourcecode.swift; path = CategoriesListView.swift; sourceTree = "<group>"; };
		BE7F25B52BB8A24100C297FD /* CreateNewSubscriptionView.swift */ = {isa = PBXFileReference; lastKnownFileType = sourcecode.swift; path = CreateNewSubscriptionView.swift; sourceTree = "<group>"; };
		BEE570752BC53F4100A4E554 /* SubscriptionsDashboardView.swift */ = {isa = PBXFileReference; lastKnownFileType = sourcecode.swift; path = SubscriptionsDashboardView.swift; sourceTree = "<group>"; };
/* End PBXFileReference section */

/* Begin PBXFrameworksBuildPhase section */
		BE405DDB2BB4915F00C3539A /* Frameworks */ = {
			isa = PBXFrameworksBuildPhase;
			buildActionMask = 2147483647;
			files = (
			);
			runOnlyForDeploymentPostprocessing = 0;
		};
/* End PBXFrameworksBuildPhase section */

/* Begin PBXGroup section */
		BE405DD52BB4915F00C3539A = {
			isa = PBXGroup;
			children = (
				BE405DE02BB4915F00C3539A /* SubSway */,
				BE405DDF2BB4915F00C3539A /* Products */,
			);
			sourceTree = "<group>";
		};
		BE405DDF2BB4915F00C3539A /* Products */ = {
			isa = PBXGroup;
			children = (
				BE405DDE2BB4915F00C3539A /* SubSway.app */,
			);
			name = Products;
			sourceTree = "<group>";
		};
		BE405DE02BB4915F00C3539A /* SubSway */ = {
			isa = PBXGroup;
			children = (
				BE405DF32BB4918500C3539A /* ViewModel */,
				BE405DF22BB4917D00C3539A /* Model */,
				BE405DF12BB4917100C3539A /* View */,
				BE405DE12BB4915F00C3539A /* SubSwayApp.swift */,
				BE405DE52BB4915F00C3539A /* Item.swift */,
				BE405DE72BB4916100C3539A /* Assets.xcassets */,
				BE405DE92BB4916100C3539A /* Preview Content */,
			);
			path = SubSway;
			sourceTree = "<group>";
		};
		BE405DE92BB4916100C3539A /* Preview Content */ = {
			isa = PBXGroup;
			children = (
				BE405DEA2BB4916100C3539A /* Preview Assets.xcassets */,
			);
			path = "Preview Content";
			sourceTree = "<group>";
		};
		BE405DF12BB4917100C3539A /* View */ = {
			isa = PBXGroup;
			children = (
				BE405DE32BB4915F00C3539A /* ContentView.swift */,
				BE7F25B52BB8A24100C297FD /* CreateNewSubscriptionView.swift */,
				BE7F25B32BB89E9F00C297FD /* CategoriesListView.swift */,
				BE5FFF1C2BC40B400051CA29 /* SubscriptionDetailsView.swift */,
				BE6110D92BBD657900478557 /* SubscriptionDetailsFormView.swift */,
				BE5FFF202BC41FB30051CA29 /* MySubscriptionsListView.swift */,
				BE5FFF1E2BC40D2F0051CA29 /* MySubscriptionInformationsView.swift */,
				BEE570752BC53F4100A4E554 /* SubscriptionsDashboardView.swift */,
			);
			path = View;
			sourceTree = "<group>";
		};
		BE405DF22BB4917D00C3539A /* Model */ = {
			isa = PBXGroup;
			children = (
				BE405DF42BB4919F00C3539A /* Subscription.swift */,
				BE405DF62BB491AE00C3539A /* Category.swift */,
			);
			path = Model;
			sourceTree = "<group>";
		};
		BE405DF32BB4918500C3539A /* ViewModel */ = {
			isa = PBXGroup;
			children = (
				BE405DFA2BB4A0FD00C3539A /* Validator */,
				BE405DF82BB49A1F00C3539A /* SubscriptionViewModel.swift */,
				BE7F25B12BB578B400C297FD /* CategoryViewModel.swift */,
				BE733B262C0A42F500013AB2 /* SubscriptionContainer.xcdatamodeld */,
				9FE571CE2E9405C5008C4574 /* ContentViewModel.swift */,
			);
			path = ViewModel;
			sourceTree = "<group>";
		};
		BE405DFA2BB4A0FD00C3539A /* Validator */ = {
			isa = PBXGroup;
			children = (
				BE405DFB2BB4A12200C3539A /* SubscriptionValidator.swift */,
			);
			path = Validator;
			sourceTree = "<group>";
		};
/* End PBXGroup section */

/* Begin PBXNativeTarget section */
		BE405DDD2BB4915F00C3539A /* SubSway */ = {
			isa = PBXNativeTarget;
			buildConfigurationList = BE405DEE2BB4916100C3539A /* Build configuration list for PBXNativeTarget "SubSway" */;
			buildPhases = (
				BE405DDA2BB4915F00C3539A /* Sources */,
				BE405DDB2BB4915F00C3539A /* Frameworks */,
				BE405DDC2BB4915F00C3539A /* Resources */,
			);
			buildRules = (
			);
			dependencies = (
			);
			name = SubSway;
			productName = SubSway;
			productReference = BE405DDE2BB4915F00C3539A /* SubSway.app */;
			productType = "com.apple.product-type.application";
		};
/* End PBXNativeTarget section */

/* Begin PBXProject section */
		BE405DD62BB4915F00C3539A /* Project object */ = {
			isa = PBXProject;
			attributes = {
				BuildIndependentTargetsInParallel = 1;
				LastSwiftUpdateCheck = 1510;
				LastUpgradeCheck = 1510;
				TargetAttributes = {
					BE405DDD2BB4915F00C3539A = {
						CreatedOnToolsVersion = 15.1;
					};
				};
			};
			buildConfigurationList = BE405DD92BB4915F00C3539A /* Build configuration list for PBXProject "SubSway" */;
			compatibilityVersion = "Xcode 14.0";
			developmentRegion = en;
			hasScannedForEncodings = 0;
			knownRegions = (
				en,
				Base,
			);
			mainGroup = BE405DD52BB4915F00C3539A;
			productRefGroup = BE405DDF2BB4915F00C3539A /* Products */;
			projectDirPath = "";
			projectRoot = "";
			targets = (
				BE405DDD2BB4915F00C3539A /* SubSway */,
			);
		};
/* End PBXProject section */

/* Begin PBXResourcesBuildPhase section */
		BE405DDC2BB4915F00C3539A /* Resources */ = {
			isa = PBXResourcesBuildPhase;
			buildActionMask = 2147483647;
			files = (
				BE405DEB2BB4916100C3539A /* Preview Assets.xcassets in Resources */,
				BE405DE82BB4916100C3539A /* Assets.xcassets in Resources */,
			);
			runOnlyForDeploymentPostprocessing = 0;
		};
/* End PBXResourcesBuildPhase section */

/* Begin PBXSourcesBuildPhase section */
		BE405DDA2BB4915F00C3539A /* Sources */ = {
			isa = PBXSourcesBuildPhase;
			buildActionMask = 2147483647;
			files = (
				BE6110DA2BBD657900478557 /* SubscriptionDetailsFormView.swift in Sources */,
				BE405DE42BB4915F00C3539A /* ContentView.swift in Sources */,
				BE5FFF1D2BC40B400051CA29 /* SubscriptionDetailsView.swift in Sources */,
				9FE571CF2E9405C5008C4574 /* ContentViewModel.swift in Sources */,
				BE405DF72BB491AF00C3539A /* Category.swift in Sources */,
				BE405DFC2BB4A12200C3539A /* SubscriptionValidator.swift in Sources */,
				BE405DE62BB4915F00C3539A /* Item.swift in Sources */,
				BE7F25B22BB578B400C297FD /* CategoryViewModel.swift in Sources */,
				BE7F25B42BB89E9F00C297FD /* CategoriesListView.swift in Sources */,
				BE7F25B62BB8A24100C297FD /* CreateNewSubscriptionView.swift in Sources */,
				BE405DF92BB49A1F00C3539A /* SubscriptionViewModel.swift in Sources */,
				BE733B282C0A42F500013AB2 /* SubscriptionContainer.xcdatamodeld in Sources */,
				BE405DF52BB4919F00C3539A /* Subscription.swift in Sources */,
				BE405DE22BB4915F00C3539A /* SubSwayApp.swift in Sources */,
				BE5FFF1F2BC40D2F0051CA29 /* MySubscriptionInformationsView.swift in Sources */,
				BE5FFF212BC41FB30051CA29 /* MySubscriptionsListView.swift in Sources */,
				BEE570762BC53F4100A4E554 /* SubscriptionsDashboardView.swift in Sources */,
			);
			runOnlyForDeploymentPostprocessing = 0;
		};
/* End PBXSourcesBuildPhase section */

/* Begin XCBuildConfiguration section */
		BE405DEC2BB4916100C3539A /* Debug */ = {
			isa = XCBuildConfiguration;
			buildSettings = {
				ALWAYS_SEARCH_USER_PATHS = NO;
				ASSETCATALOG_COMPILER_GENERATE_SWIFT_ASSET_SYMBOL_EXTENSIONS = YES;
				CLANG_ANALYZER_NONNULL = YES;
				CLANG_ANALYZER_NUMBER_OBJECT_CONVERSION = YES_AGGRESSIVE;
				CLANG_CXX_LANGUAGE_STANDARD = "gnu++20";
				CLANG_ENABLE_MODULES = YES;
				CLANG_ENABLE_OBJC_ARC = YES;
				CLANG_ENABLE_OBJC_WEAK = YES;
				CLANG_WARN_BLOCK_CAPTURE_AUTORELEASING = YES;
				CLANG_WARN_BOOL_CONVERSION = YES;
				CLANG_WARN_COMMA = YES;
				CLANG_WARN_CONSTANT_CONVERSION = YES;
				CLANG_WARN_DEPRECATED_OBJC_IMPLEMENTATIONS = YES;
				CLANG_WARN_DIRECT_OBJC_ISA_USAGE = YES_ERROR;
				CLANG_WARN_DOCUMENTATION_COMMENTS = YES;
				CLANG_WARN_EMPTY_BODY = YES;
				CLANG_WARN_ENUM_CONVERSION = YES;
				CLANG_WARN_INFINITE_RECURSION = YES;
				CLANG_WARN_INT_CONVERSION = YES;
				CLANG_WARN_NON_LITERAL_NULL_CONVERSION = YES;
				CLANG_WARN_OBJC_IMPLICIT_RETAIN_SELF = YES;
				CLANG_WARN_OBJC_LITERAL_CONVERSION = YES;
				CLANG_WARN_OBJC_ROOT_CLASS = YES_ERROR;
				CLANG_WARN_QUOTED_INCLUDE_IN_FRAMEWORK_HEADER = YES;
				CLANG_WARN_RANGE_LOOP_ANALYSIS = YES;
				CLANG_WARN_STRICT_PROTOTYPES = YES;
				CLANG_WARN_SUSPICIOUS_MOVE = YES;
				CLANG_WARN_UNGUARDED_AVAILABILITY = YES_AGGRESSIVE;
				CLANG_WARN_UNREACHABLE_CODE = YES;
				CLANG_WARN__DUPLICATE_METHOD_MATCH = YES;
				COPY_PHASE_STRIP = NO;
				DEBUG_INFORMATION_FORMAT = dwarf;
				ENABLE_STRICT_OBJC_MSGSEND = YES;
				ENABLE_TESTABILITY = YES;
				ENABLE_USER_SCRIPT_SANDBOXING = YES;
				GCC_C_LANGUAGE_STANDARD = gnu17;
				GCC_DYNAMIC_NO_PIC = NO;
				GCC_NO_COMMON_BLOCKS = YES;
				GCC_OPTIMIZATION_LEVEL = 0;
				GCC_PREPROCESSOR_DEFINITIONS = (
					"DEBUG=1",
					"$(inherited)",
				);
				GCC_WARN_64_TO_32_BIT_CONVERSION = YES;
				GCC_WARN_ABOUT_RETURN_TYPE = YES_ERROR;
				GCC_WARN_UNDECLARED_SELECTOR = YES;
				GCC_WARN_UNINITIALIZED_AUTOS = YES_AGGRESSIVE;
				GCC_WARN_UNUSED_FUNCTION = YES;
				GCC_WARN_UNUSED_VARIABLE = YES;
				IPHONEOS_DEPLOYMENT_TARGET = 17.2;
				LOCALIZATION_PREFERS_STRING_CATALOGS = YES;
				MTL_ENABLE_DEBUG_INFO = INCLUDE_SOURCE;
				MTL_FAST_MATH = YES;
				ONLY_ACTIVE_ARCH = YES;
				SDKROOT = iphoneos;
				SWIFT_ACTIVE_COMPILATION_CONDITIONS = "DEBUG $(inherited)";
				SWIFT_OPTIMIZATION_LEVEL = "-Onone";
			};
			name = Debug;
		};
		BE405DED2BB4916100C3539A /* Release */ = {
			isa = XCBuildConfiguration;
			buildSettings = {
				ALWAYS_SEARCH_USER_PATHS = NO;
				ASSETCATALOG_COMPILER_GENERATE_SWIFT_ASSET_SYMBOL_EXTENSIONS = YES;
				CLANG_ANALYZER_NONNULL = YES;
				CLANG_ANALYZER_NUMBER_OBJECT_CONVERSION = YES_AGGRESSIVE;
				CLANG_CXX_LANGUAGE_STANDARD = "gnu++20";
				CLANG_ENABLE_MODULES = YES;
				CLANG_ENABLE_OBJC_ARC = YES;
				CLANG_ENABLE_OBJC_WEAK = YES;
				CLANG_WARN_BLOCK_CAPTURE_AUTORELEASING = YES;
				CLANG_WARN_BOOL_CONVERSION = YES;
				CLANG_WARN_COMMA = YES;
				CLANG_WARN_CONSTANT_CONVERSION = YES;
				CLANG_WARN_DEPRECATED_OBJC_IMPLEMENTATIONS = YES;
				CLANG_WARN_DIRECT_OBJC_ISA_USAGE = YES_ERROR;
				CLANG_WARN_DOCUMENTATION_COMMENTS = YES;
				CLANG_WARN_EMPTY_BODY = YES;
				CLANG_WARN_ENUM_CONVERSION = YES;
				CLANG_WARN_INFINITE_RECURSION = YES;
				CLANG_WARN_INT_CONVERSION = YES;
				CLANG_WARN_NON_LITERAL_NULL_CONVERSION = YES;
				CLANG_WARN_OBJC_IMPLICIT_RETAIN_SELF = YES;
				CLANG_WARN_OBJC_LITERAL_CONVERSION = YES;
				CLANG_WARN_OBJC_ROOT_CLASS = YES_ERROR;
				CLANG_WARN_QUOTED_INCLUDE_IN_FRAMEWORK_HEADER = YES;
				CLANG_WARN_RANGE_LOOP_ANALYSIS = YES;
				CLANG_WARN_STRICT_PROTOTYPES = YES;
				CLANG_WARN_SUSPICIOUS_MOVE = YES;
				CLANG_WARN_UNGUARDED_AVAILABILITY = YES_AGGRESSIVE;
				CLANG_WARN_UNREACHABLE_CODE = YES;
				CLANG_WARN__DUPLICATE_METHOD_MATCH = YES;
				COPY_PHASE_STRIP = NO;
				DEBUG_INFORMATION_FORMAT = "dwarf-with-dsym";
				ENABLE_NS_ASSERTIONS = NO;
				ENABLE_STRICT_OBJC_MSGSEND = YES;
				ENABLE_USER_SCRIPT_SANDBOXING = YES;
				GCC_C_LANGUAGE_STANDARD = gnu17;
				GCC_NO_COMMON_BLOCKS = YES;
				GCC_WARN_64_TO_32_BIT_CONVERSION = YES;
				GCC_WARN_ABOUT_RETURN_TYPE = YES_ERROR;
				GCC_WARN_UNDECLARED_SELECTOR = YES;
				GCC_WARN_UNINITIALIZED_AUTOS = YES_AGGRESSIVE;
				GCC_WARN_UNUSED_FUNCTION = YES;
				GCC_WARN_UNUSED_VARIABLE = YES;
				IPHONEOS_DEPLOYMENT_TARGET = 17.2;
				LOCALIZATION_PREFERS_STRING_CATALOGS = YES;
				MTL_ENABLE_DEBUG_INFO = NO;
				MTL_FAST_MATH = YES;
				SDKROOT = iphoneos;
				SWIFT_COMPILATION_MODE = wholemodule;
				VALIDATE_PRODUCT = YES;
			};
			name = Release;
		};
		BE405DEF2BB4916100C3539A /* Debug */ = {
			isa = XCBuildConfiguration;
			buildSettings = {
				ASSETCATALOG_COMPILER_APPICON_NAME = AppIcon;
				ASSETCATALOG_COMPILER_GLOBAL_ACCENT_COLOR_NAME = AccentColor;
				CODE_SIGN_STYLE = Automatic;
				CURRENT_PROJECT_VERSION = 1;
				DEVELOPMENT_ASSET_PATHS = "\"SubSway/Preview Content\"";
				DEVELOPMENT_TEAM = JW5QDUDC7K;
				ENABLE_PREVIEWS = YES;
				GENERATE_INFOPLIST_FILE = YES;
				INFOPLIST_KEY_LSApplicationCategoryType = "public.app-category.utilities";
				INFOPLIST_KEY_UIApplicationSceneManifest_Generation = YES;
				INFOPLIST_KEY_UIApplicationSupportsIndirectInputEvents = YES;
				INFOPLIST_KEY_UILaunchScreen_Generation = YES;
				INFOPLIST_KEY_UISupportedInterfaceOrientations = "UIInterfaceOrientationLandscapeLeft UIInterfaceOrientationLandscapeRight UIInterfaceOrientationPortrait";
				INFOPLIST_KEY_UISupportedInterfaceOrientations_iPad = "UIInterfaceOrientationLandscapeLeft UIInterfaceOrientationLandscapeRight UIInterfaceOrientationPortrait UIInterfaceOrientationPortraitUpsideDown";
				LD_RUNPATH_SEARCH_PATHS = (
					"$(inherited)",
					"@executable_path/Frameworks",
				);
				MARKETING_VERSION = 1.0;
				PRODUCT_BUNDLE_IDENTIFIER = sliceofdigital.SubSway;
				PRODUCT_NAME = "$(TARGET_NAME)";
				SUPPORTED_PLATFORMS = "iphoneos iphonesimulator";
				SUPPORTS_MACCATALYST = NO;
				SUPPORTS_MAC_DESIGNED_FOR_IPHONE_IPAD = NO;
				SWIFT_EMIT_LOC_STRINGS = YES;
				SWIFT_VERSION = 5.0;
				TARGETED_DEVICE_FAMILY = 1;
			};
			name = Debug;
		};
		BE405DF02BB4916100C3539A /* Release */ = {
			isa = XCBuildConfiguration;
			buildSettings = {
				ASSETCATALOG_COMPILER_APPICON_NAME = AppIcon;
				ASSETCATALOG_COMPILER_GLOBAL_ACCENT_COLOR_NAME = AccentColor;
				CODE_SIGN_STYLE = Automatic;
				CURRENT_PROJECT_VERSION = 1;
				DEVELOPMENT_ASSET_PATHS = "\"SubSway/Preview Content\"";
				DEVELOPMENT_TEAM = JW5QDUDC7K;
				ENABLE_PREVIEWS = YES;
				GENERATE_INFOPLIST_FILE = YES;
				INFOPLIST_KEY_LSApplicationCategoryType = "public.app-category.utilities";
				INFOPLIST_KEY_UIApplicationSceneManifest_Generation = YES;
				INFOPLIST_KEY_UIApplicationSupportsIndirectInputEvents = YES;
				INFOPLIST_KEY_UILaunchScreen_Generation = YES;
				INFOPLIST_KEY_UISupportedInterfaceOrientations = "UIInterfaceOrientationLandscapeLeft UIInterfaceOrientationLandscapeRight UIInterfaceOrientationPortrait";
				INFOPLIST_KEY_UISupportedInterfaceOrientations_iPad = "UIInterfaceOrientationLandscapeLeft UIInterfaceOrientationLandscapeRight UIInterfaceOrientationPortrait UIInterfaceOrientationPortraitUpsideDown";
				LD_RUNPATH_SEARCH_PATHS = (
					"$(inherited)",
					"@executable_path/Frameworks",
				);
				MARKETING_VERSION = 1.0;
				PRODUCT_BUNDLE_IDENTIFIER = sliceofdigital.SubSway;
				PRODUCT_NAME = "$(TARGET_NAME)";
				SUPPORTED_PLATFORMS = "iphoneos iphonesimulator";
				SUPPORTS_MACCATALYST = NO;
				SUPPORTS_MAC_DESIGNED_FOR_IPHONE_IPAD = NO;
				SWIFT_EMIT_LOC_STRINGS = YES;
				SWIFT_VERSION = 5.0;
				TARGETED_DEVICE_FAMILY = 1;
			};
			name = Release;
		};
/* End XCBuildConfiguration section */

/* Begin XCConfigurationList section */
		BE405DD92BB4915F00C3539A /* Build configuration list for PBXProject "SubSway" */ = {
			isa = XCConfigurationList;
			buildConfigurations = (
				BE405DEC2BB4916100C3539A /* Debug */,
				BE405DED2BB4916100C3539A /* Release */,
			);
			defaultConfigurationIsVisible = 0;
			defaultConfigurationName = Release;
		};
		BE405DEE2BB4916100C3539A /* Build configuration list for PBXNativeTarget "SubSway" */ = {
			isa = XCConfigurationList;
			buildConfigurations = (
				BE405DEF2BB4916100C3539A /* Debug */,
				BE405DF02BB4916100C3539A /* Release */,
			);
			defaultConfigurationIsVisible = 0;
			defaultConfigurationName = Release;
		};
/* End XCConfigurationList section */

/* Begin XCVersionGroup section */
		BE733B262C0A42F500013AB2 /* SubscriptionContainer.xcdatamodeld */ = {
			isa = XCVersionGroup;
			children = (
				BE733B272C0A42F500013AB2 /* SubscriptionContainer.xcdatamodel */,
			);
			currentVersion = BE733B272C0A42F500013AB2 /* SubscriptionContainer.xcdatamodel */;
			path = SubscriptionContainer.xcdatamodeld;
			sourceTree = "<group>";
			versionGroupType = wrapper.xcdatamodel;
		};
/* End XCVersionGroup section */
	};
	rootObject = BE405DD62BB4915F00C3539A /* Project object */;
}
